
Microsoft Visual Studio Solution File, Format Version 12.00
# Visual Studio Version 16
VisualStudioVersion = 16.0.30717.126
MinimumVisualStudioVersion = 10.0.40219.1
Project("{FAE04EC0-301F-11D3-BF4B-00C04F79EFBC}") = "MyWordPad", "MyWordPad.csproj", "{7712CD47-D40D-42EC-8A0E-018AFA0080AD}"
EndProject
Global
	GlobalSection(SolutionConfigurationPlatforms) = preSolution
		Debug|Any CPU = Debug|Any CPU
		Release|Any CPU = Release|Any CPU
	EndGlobalSection
	GlobalSection(ProjectConfigurationPlatforms) = postSolution
		{7712CD47-D40D-42EC-8A0E-018AFA0080AD}.Debug|Any CPU.ActiveCfg = Debug|Any CPU
		{7712CD47-D40D-42EC-8A0E-018AFA0080AD}.Debug|Any CPU.Build.0 = Debug|Any CPU
		{7712CD47-D40D-42EC-8A0E-018AFA0080AD}.Release|Any CPU.ActiveCfg = Release|Any CPU
		{7712CD47-D40D-42EC-8A0E-018AFA0080AD}.Release|Any CPU.Build.0 = Release|Any CPU
	EndGlobalSection
	GlobalSection(SolutionProperties) = preSolution
		HideSolutionNode = FALSE
	EndGlobalSection
	GlobalSection(ExtensibilityGlobals) = postSolution
		SolutionGuid = {A99E6824-7196-4B45-8DA5-B0056ED82358}
	EndGlobalSection
EndGlobal
